Microsoft Visual Studio Solution File, Format Version 12.00
# Visual Studio 15
Project("{2150E333-8FDC-42A3-9474-1A3956D46DE8}") = "CMakePredefinedTargets", "CMakePredefinedTargets", "{74C201B9-9FB9-3BAB-BDF1-DA9F99AB2741}"
EndProject
Project("{2150E333-8FDC-42A3-9474-1A3956D46DE8}") = "GLFW3", "GLFW3", "{C7C3EC82-07DF-3FC4-A736-ABC06155CA5A}"
EndProject
Project("{2150E333-8FDC-42A3-9474-1A3956D46DE8}") = "Examples", "GLFW3\Examples", "{5E4B4DBF-5430-3167-A458-32816401B180}"
EndProject
Project("{2150E333-8FDC-42A3-9474-1A3956D46DE8}") = "Tests", "GLFW3\Tests", "{25790125-547A-3768-ABF4-D377FC00EFC8}"
EndProject
Project("{8BC9CEB8-8B4A-11D0-8D11-00A0C91BC942}") = "ALL_BUILD", "ALL_BUILD.vcxproj", "{17378372-2EFD-303A-AF73-6ADAAACB1B7B}"
	ProjectSection(ProjectDependencies) = postProject
		{A55CCC60-C00E-3084-8CC8-F600D7FC1DB7} = {A55CCC60-C00E-3084-8CC8-F600D7FC1DB7}
		{AE8FD5B8-A8CF-3F3D-B349-463834453080} = {AE8FD5B8-A8CF-3F3D-B349-463834453080}
		{CD358139-0114-346A-9F1C-8032B7BAB59D} = {CD358139-0114-346A-9F1C-8032B7BAB59D}
		{DC4AD0AF-2680-3BEB-B5CA-F4FDE68B3F3E} = {DC4AD0AF-2680-3BEB-B5CA-F4FDE68B3F3E}
		{081B4EC4-CDB8-309E-9667-F7FCA8BA8A98} = {081B4EC4-CDB8-309E-9667-F7FCA8BA8A98}
		{ABF5D26C-3A37-312D-95A9-BE0BE0925555} = {ABF5D26C-3A37-312D-95A9-BE0BE0925555}
		{0D0709FD-5989-3AF3-8D79-EC6AFBEE8262} = {0D0709FD-5989-3AF3-8D79-EC6AFBEE8262}
		{E8C09650-0E44-3039-8C91-5F6F51D33FB3} = {E8C09650-0E44-3039-8C91-5F6F51D33FB3}
		{07AAE3DF-0CDE-3360-BF0C-0231EEEF11FA} = {07AAE3DF-0CDE-3360-BF0C-0231EEEF11FA}
		{E1EC9E3A-85BE-3A44-AA0A-6B86359D8D5B} = {E1EC9E3A-85BE-3A44-AA0A-6B86359D8D5B}
		{7B360231-EA77-32A4-BC36-612336DD18BF} = {7B360231-EA77-32A4-BC36-612336DD18BF}
		{2EA64715-63F9-367B-AB4A-8D9D58CAA29A} = {2EA64715-63F9-367B-AB4A-8D9D58CAA29A}
		{547603C2-FB7A-3BBE-9D47-864D5F714BD3} = {547603C2-FB7A-3BBE-9D47-864D5F714BD3}
		{ED6BFDFB-F892-3D42-B1DB-8DF36289697D} = {ED6BFDFB-F892-3D42-B1DB-8DF36289697D}
		{C69C438D-1EFE-3A85-A8A7-5C5A977F37E4} = {C69C438D-1EFE-3A85-A8A7-5C5A977F37E4}
		{C05958F4-2719-305E-B3E4-11386B51BAFC} = {C05958F4-2719-305E-B3E4-11386B51BAFC}
		{987BDC96-6BF3-3DB3-AC9A-E74F3142B8CF} = {987BDC96-6BF3-3DB3-AC9A-E74F3142B8CF}
		{61833AC4-C137-38C8-8785-CF802157C96F} = {61833AC4-C137-38C8-8785-CF802157C96F}
		{4CCDB5A7-83DE-3C82-B4DA-DF1CABAE133B} = {4CCDB5A7-83DE-3C82-B4DA-DF1CABAE133B}
		{FF585021-7D9A-36AA-BAE7-17FB216F03AA} = {FF585021-7D9A-36AA-BAE7-17FB216F03AA}
		{AB360E8A-F058-3145-992C-67E2D35175EC} = {AB360E8A-F058-3145-992C-67E2D35175EC}
		{DFBAE961-444E-3385-A314-70DC8D137B32} = {DFBAE961-444E-3385-A314-70DC8D137B32}
		{F33EA730-2DC6-33C2-859F-BD0523C43095} = {F33EA730-2DC6-33C2-859F-BD0523C43095}
		{F446D25E-E149-3391-907C-A6344EA24043} = {F446D25E-E149-3391-907C-A6344EA24043}
		{A7660961-8147-3F62-B2FA-07132B35714A} = {A7660961-8147-3F62-B2FA-07132B35714A}
		{9BFC3986-9B4D-35B2-8C7B-750304021204} = {9BFC3986-9B4D-35B2-8C7B-750304021204}
		{0DDF5499-846A-3B24-BE23-201C8DB844AF} = {0DDF5499-846A-3B24-BE23-201C8DB844AF}
	EndProjectSection
EndProject
Project("{8BC9CEB8-8B4A-11D0-8D11-00A0C91BC942}") = "INSTALL", "INSTALL.vcxproj", "{DAD41147-9EF2-3EB9-AFCF-D17AC0F5B6C3}"
	ProjectSection(ProjectDependencies) = postProject
		{17378372-2EFD-303A-AF73-6ADAAACB1B7B} = {17378372-2EFD-303A-AF73-6ADAAACB1B7B}
		{A55CCC60-C00E-3084-8CC8-F600D7FC1DB7} = {A55CCC60-C00E-3084-8CC8-F600D7FC1DB7}
	EndProjectSection
EndProject
Project("{8BC9CEB8-8B4A-11D0-8D11-00A0C91BC942}") = "ZERO_CHECK", "ZERO_CHECK.vcxproj", "{A55CCC60-C00E-3084-8CC8-F600D7FC1DB7}"
	ProjectSection(ProjectDependencies) = postProject
	EndProjectSection
EndProject
Project("{8BC9CEB8-8B4A-11D0-8D11-00A0C91BC942}") = "boing", "examples\boing.vcxproj", "{AE8FD5B8-A8CF-3F3D-B349-463834453080}"
	ProjectSection(ProjectDependencies) = postProject
		{A55CCC60-C00E-3084-8CC8-F600D7FC1DB7} = {A55CCC60-C00E-3084-8CC8-F600D7FC1DB7}
		{07AAE3DF-0CDE-3360-BF0C-0231EEEF11FA} = {07AAE3DF-0CDE-3360-BF0C-0231EEEF11FA}
	EndProjectSection
EndProject
Project("{8BC9CEB8-8B4A-11D0-8D11-00A0C91BC942}") = "clipboard", "tests\clipboard.vcxproj", "{CD358139-0114-346A-9F1C-8032B7BAB59D}"
	ProjectSection(ProjectDependencies) = postProject
		{A55CCC60-C00E-3084-8CC8-F600D7FC1DB7} = {A55CCC60-C00E-3084-8CC8-F600D7FC1DB7}
		{07AAE3DF-0CDE-3360-BF0C-0231EEEF11FA} = {07AAE3DF-0CDE-3360-BF0C-0231EEEF11FA}
	EndProjectSection
EndProject
Project("{8BC9CEB8-8B4A-11D0-8D11-00A0C91BC942}") = "cursor", "tests\cursor.vcxproj", "{DC4AD0AF-2680-3BEB-B5CA-F4FDE68B3F3E}"
	ProjectSection(ProjectDependencies) = postProject
		{A55CCC60-C00E-3084-8CC8-F600D7FC1DB7} = {A55CCC60-C00E-3084-8CC8-F600D7FC1DB7}
		{07AAE3DF-0CDE-3360-BF0C-0231EEEF11FA} = {07AAE3DF-0CDE-3360-BF0C-0231EEEF11FA}
	EndProjectSection
EndProject
Project("{8BC9CEB8-8B4A-11D0-8D11-00A0C91BC942}") = "empty", "tests\empty.vcxproj", "{081B4EC4-CDB8-309E-9667-F7FCA8BA8A98}"
	ProjectSection(ProjectDependencies) = postProject
		{A55CCC60-C00E-3084-8CC8-F600D7FC1DB7} = {A55CCC60-C00E-3084-8CC8-F600D7FC1DB7}
		{07AAE3DF-0CDE-3360-BF0C-0231EEEF11FA} = {07AAE3DF-0CDE-3360-BF0C-0231EEEF11FA}
	EndProjectSection
EndProject
Project("{8BC9CEB8-8B4A-11D0-8D11-00A0C91BC942}") = "events", "tests\events.vcxproj", "{ABF5D26C-3A37-312D-95A9-BE0BE0925555}"
	ProjectSection(ProjectDependencies) = postProject
		{A55CCC60-C00E-3084-8CC8-F600D7FC1DB7} = {A55CCC60-C00E-3084-8CC8-F600D7FC1DB7}
		{07AAE3DF-0CDE-3360-BF0C-0231EEEF11FA} = {07AAE3DF-0CDE-3360-BF0C-0231EEEF11FA}
	EndProjectSection
EndProject
Project("{8BC9CEB8-8B4A-11D0-8D11-00A0C91BC942}") = "gamma", "tests\gamma.vcxproj", "{0D0709FD-5989-3AF3-8D79-EC6AFBEE8262}"
	ProjectSection(ProjectDependencies) = postProject
		{A55CCC60-C00E-3084-8CC8-F600D7FC1DB7} = {A55CCC60-C00E-3084-8CC8-F600D7FC1DB7}
		{07AAE3DF-0CDE-3360-BF0C-0231EEEF11FA} = {07AAE3DF-0CDE-3360-BF0C-0231EEEF11FA}
	EndProjectSection
EndProject
Project("{8BC9CEB8-8B4A-11D0-8D11-00A0C91BC942}") = "gears", "examples\gears.vcxproj", "{E8C09650-0E44-3039-8C91-5F6F51D33FB3}"
	ProjectSection(ProjectDependencies) = postProject
		{A55CCC60-C00E-3084-8CC8-F600D7FC1DB7} = {A55CCC60-C00E-3084-8CC8-F600D7FC1DB7}
		{07AAE3DF-0CDE-3360-BF0C-0231EEEF11FA} = {07AAE3DF-0CDE-3360-BF0C-0231EEEF11FA}
	EndProjectSection
EndProject
Project("{8BC9CEB8-8B4A-11D0-8D11-00A0C91BC942}") = "glfw", "src\glfw.vcxproj", "{07AAE3DF-0CDE-3360-BF0C-0231EEEF11FA}"
	ProjectSection(ProjectDependencies) = postProject
		{A55CCC60-C00E-3084-8CC8-F600D7FC1DB7} = {A55CCC60-C00E-3084-8CC8-F600D7FC1DB7}
	EndProjectSection
EndProject
Project("{8BC9CEB8-8B4A-11D0-8D11-00A0C91BC942}") = "glfwinfo", "tests\glfwinfo.vcxproj", "{E1EC9E3A-85BE-3A44-AA0A-6B86359D8D5B}"
	ProjectSection(ProjectDependencies) = postProject
		{A55CCC60-C00E-3084-8CC8-F600D7FC1DB7} = {A55CCC60-C00E-3084-8CC8-F600D7FC1DB7}
		{07AAE3DF-0CDE-3360-BF0C-0231EEEF11FA} = {07AAE3DF-0CDE-3360-BF0C-0231EEEF11FA}
	EndProjectSection
EndProject
Project("{8BC9CEB8-8B4A-11D0-8D11-00A0C91BC942}") = "heightmap", "examples\heightmap.vcxproj", "{7B360231-EA77-32A4-BC36-612336DD18BF}"
	ProjectSection(ProjectDependencies) = postProject
		{A55CCC60-C00E-3084-8CC8-F600D7FC1DB7} = {A55CCC60-C00E-3084-8CC8-F600D7FC1DB7}
		{07AAE3DF-0CDE-3360-BF0C-0231EEEF11FA} = {07AAE3DF-0CDE-3360-BF0C-0231EEEF11FA}
	EndProjectSection
EndProject
Project("{8BC9CEB8-8B4A-11D0-8D11-00A0C91BC942}") = "icon", "tests\icon.vcxproj", "{2EA64715-63F9-367B-AB4A-8D9D58CAA29A}"
	ProjectSection(ProjectDependencies) = postProject
		{A55CCC60-C00E-3084-8CC8-F600D7FC1DB7} = {A55CCC60-C00E-3084-8CC8-F600D7FC1DB7}
		{07AAE3DF-0CDE-3360-BF0C-0231EEEF11FA} = {07AAE3DF-0CDE-3360-BF0C-0231EEEF11FA}
	EndProjectSection
EndProject
Project("{8BC9CEB8-8B4A-11D0-8D11-00A0C91BC942}") = "iconify", "tests\iconify.vcxproj", "{547603C2-FB7A-3BBE-9D47-864D5F714BD3}"
	ProjectSection(ProjectDependencies) = postProject
		{A55CCC60-C00E-3084-8CC8-F600D7FC1DB7} = {A55CCC60-C00E-3084-8CC8-F600D7FC1DB7}
		{07AAE3DF-0CDE-3360-BF0C-0231EEEF11FA} = {07AAE3DF-0CDE-3360-BF0C-0231EEEF11FA}
	EndProjectSection
EndProject
Project("{8BC9CEB8-8B4A-11D0-8D11-00A0C91BC942}") = "joysticks", "tests\joysticks.vcxproj", "{ED6BFDFB-F892-3D42-B1DB-8DF36289697D}"
	ProjectSection(ProjectDependencies) = postProject
		{A55CCC60-C00E-3084-8CC8-F600D7FC1DB7} = {A55CCC60-C00E-3084-8CC8-F600D7FC1DB7}
		{07AAE3DF-0CDE-3360-BF0C-0231EEEF11FA} = {07AAE3DF-0CDE-3360-BF0C-0231EEEF11FA}
	EndProjectSection
EndProject
Project("{8BC9CEB8-8B4A-11D0-8D11-00A0C91BC942}") = "monitors", "tests\monitors.vcxproj", "{C69C438D-1EFE-3A85-A8A7-5C5A977F37E4}"
	ProjectSection(ProjectDependencies) = postProject
		{A55CCC60-C00E-3084-8CC8-F600D7FC1DB7} = {A55CCC60-C00E-3084-8CC8-F600D7FC1DB7}
		{07AAE3DF-0CDE-3360-BF0C-0231EEEF11FA} = {07AAE3DF-0CDE-3360-BF0C-0231EEEF11FA}
	EndProjectSection
EndProject
Project("{8BC9CEB8-8B4A-11D0-8D11-00A0C91BC942}") = "msaa", "tests\msaa.vcxproj", "{C05958F4-2719-305E-B3E4-11386B51BAFC}"
	ProjectSection(ProjectDependencies) = postProject
		{A55CCC60-C00E-3084-8CC8-F600D7FC1DB7} = {A55CCC60-C00E-3084-8CC8-F600D7FC1DB7}
		{07AAE3DF-0CDE-3360-BF0C-0231EEEF11FA} = {07AAE3DF-0CDE-3360-BF0C-0231EEEF11FA}
	EndProjectSection
EndProject
Project("{8BC9CEB8-8B4A-11D0-8D11-00A0C91BC942}") = "particles", "examples\particles.vcxproj", "{987BDC96-6BF3-3DB3-AC9A-E74F3142B8CF}"
	ProjectSection(ProjectDependencies) = postProject
		{A55CCC60-C00E-3084-8CC8-F600D7FC1DB7} = {A55CCC60-C00E-3084-8CC8-F600D7FC1DB7}
		{07AAE3DF-0CDE-3360-BF0C-0231EEEF11FA} = {07AAE3DF-0CDE-3360-BF0C-0231EEEF11FA}
	EndProjectSection
EndProject
Project("{8BC9CEB8-8B4A-11D0-8D11-00A0C91BC942}") = "reopen", "tests\reopen.vcxproj", "{61833AC4-C137-38C8-8785-CF802157C96F}"
	ProjectSection(ProjectDependencies) = postProject
		{A55CCC60-C00E-3084-8CC8-F600D7FC1DB7} = {A55CCC60-C00E-3084-8CC8-F600D7FC1DB7}
		{07AAE3DF-0CDE-3360-BF0C-0231EEEF11FA} = {07AAE3DF-0CDE-3360-BF0C-0231EEEF11FA}
	EndProjectSection
EndProject
Project("{8BC9CEB8-8B4A-11D0-8D11-00A0C91BC942}") = "sharing", "tests\sharing.vcxproj", "{4CCDB5A7-83DE-3C82-B4DA-DF1CABAE133B}"
	ProjectSection(ProjectDependencies) = postProject
		{A55CCC60-C00E-3084-8CC8-F600D7FC1DB7} = {A55CCC60-C00E-3084-8CC8-F600D7FC1DB7}
		{07AAE3DF-0CDE-3360-BF0C-0231EEEF11FA} = {07AAE3DF-0CDE-3360-BF0C-0231EEEF11FA}
	EndProjectSection
EndProject
Project("{8BC9CEB8-8B4A-11D0-8D11-00A0C91BC942}") = "simple", "examples\simple.vcxproj", "{FF585021-7D9A-36AA-BAE7-17FB216F03AA}"
	ProjectSection(ProjectDependencies) = postProject
		{A55CCC60-C00E-3084-8CC8-F600D7FC1DB7} = {A55CCC60-C00E-3084-8CC8-F600D7FC1DB7}
		{07AAE3DF-0CDE-3360-BF0C-0231EEEF11FA} = {07AAE3DF-0CDE-3360-BF0C-0231EEEF11FA}
	EndProjectSection
EndProject
Project("{8BC9CEB8-8B4A-11D0-8D11-00A0C91BC942}") = "splitview", "examples\splitview.vcxproj", "{AB360E8A-F058-3145-992C-67E2D35175EC}"
	ProjectSection(ProjectDependencies) = postProject
		{A55CCC60-C00E-3084-8CC8-F600D7FC1DB7} = {A55CCC60-C00E-3084-8CC8-F600D7FC1DB7}
		{07AAE3DF-0CDE-3360-BF0C-0231EEEF11FA} = {07AAE3DF-0CDE-3360-BF0C-0231EEEF11FA}
	EndProjectSection
EndProject
Project("{8BC9CEB8-8B4A-11D0-8D11-00A0C91BC942}") = "tearing", "tests\tearing.vcxproj", "{DFBAE961-444E-3385-A314-70DC8D137B32}"
	ProjectSection(ProjectDependencies) = postProject
		{A55CCC60-C00E-3084-8CC8-F600D7FC1DB7} = {A55CCC60-C00E-3084-8CC8-F600D7FC1DB7}
		{07AAE3DF-0CDE-3360-BF0C-0231EEEF11FA} = {07AAE3DF-0CDE-3360-BF0C-0231EEEF11FA}
	EndProjectSection
EndProject
Project("{8BC9CEB8-8B4A-11D0-8D11-00A0C91BC942}") = "threads", "tests\threads.vcxproj", "{F33EA730-2DC6-33C2-859F-BD0523C43095}"
	ProjectSection(ProjectDependencies) = postProject
		{A55CCC60-C00E-3084-8CC8-F600D7FC1DB7} = {A55CCC60-C00E-3084-8CC8-F600D7FC1DB7}
		{07AAE3DF-0CDE-3360-BF0C-0231EEEF11FA} = {07AAE3DF-0CDE-3360-BF0C-0231EEEF11FA}
	EndProjectSection
EndProject
Project("{8BC9CEB8-8B4A-11D0-8D11-00A0C91BC942}") = "timeout", "tests\timeout.vcxproj", "{F446D25E-E149-3391-907C-A6344EA24043}"
	ProjectSection(ProjectDependencies) = postProject
		{A55CCC60-C00E-3084-8CC8-F600D7FC1DB7} = {A55CCC60-C00E-3084-8CC8-F600D7FC1DB7}
		{07AAE3DF-0CDE-3360-BF0C-0231EEEF11FA} = {07AAE3DF-0CDE-3360-BF0C-0231EEEF11FA}
	EndProjectSection
EndProject
Project("{8BC9CEB8-8B4A-11D0-8D11-00A0C91BC942}") = "title", "tests\title.vcxproj", "{A7660961-8147-3F62-B2FA-07132B35714A}"
	ProjectSection(ProjectDependencies) = postProject
		{A55CCC60-C00E-3084-8CC8-F600D7FC1DB7} = {A55CCC60-C00E-3084-8CC8-F600D7FC1DB7}
		{07AAE3DF-0CDE-3360-BF0C-0231EEEF11FA} = {07AAE3DF-0CDE-3360-BF0C-0231EEEF11FA}
	EndProjectSection
EndProject
Project("{8BC9CEB8-8B4A-11D0-8D11-00A0C91BC942}") = "uninstall", "uninstall.vcxproj", "{EAF74005-A6D2-30F5-A93A-3F18019DD513}"
	ProjectSection(ProjectDependencies) = postProject
		{A55CCC60-C00E-3084-8CC8-F600D7FC1DB7} = {A55CCC60-C00E-3084-8CC8-F600D7FC1DB7}
	EndProjectSection
EndProject
Project("{8BC9CEB8-8B4A-11D0-8D11-00A0C91BC942}") = "wave", "examples\wave.vcxproj", "{9BFC3986-9B4D-35B2-8C7B-750304021204}"
	ProjectSection(ProjectDependencies) = postProject
		{A55CCC60-C00E-3084-8CC8-F600D7FC1DB7} = {A55CCC60-C00E-3084-8CC8-F600D7FC1DB7}
		{07AAE3DF-0CDE-3360-BF0C-0231EEEF11FA} = {07AAE3DF-0CDE-3360-BF0C-0231EEEF11FA}
	EndProjectSection
EndProject
Project("{8BC9CEB8-8B4A-11D0-8D11-00A0C91BC942}") = "windows", "tests\windows.vcxproj", "{0DDF5499-846A-3B24-BE23-201C8DB844AF}"
	ProjectSection(ProjectDependencies) = postProject
		{A55CCC60-C00E-3084-8CC8-F600D7FC1DB7} = {A55CCC60-C00E-3084-8CC8-F600D7FC1DB7}
		{07AAE3DF-0CDE-3360-BF0C-0231EEEF11FA} = {07AAE3DF-0CDE-3360-BF0C-0231EEEF11FA}
	EndProjectSection
EndProject
Global
	GlobalSection(SolutionConfigurationPlatforms) = preSolution
		Debug|Win32 = Debug|Win32
		Release|Win32 = Release|Win32
		MinSizeRel|Win32 = MinSizeRel|Win32
		RelWithDebInfo|Win32 = RelWithDebInfo|Win32
	EndGlobalSection
	GlobalSection(ProjectConfigurationPlatforms) = postSolution
		{17378372-2EFD-303A-AF73-6ADAAACB1B7B}.Debug|Win32.ActiveCfg = Debug|Win32
		{17378372-2EFD-303A-AF73-6ADAAACB1B7B}.Debug|Win32.Build.0 = Debug|Win32
		{17378372-2EFD-303A-AF73-6ADAAACB1B7B}.Release|Win32.ActiveCfg = Release|Win32
		{17378372-2EFD-303A-AF73-6ADAAACB1B7B}.Release|Win32.Build.0 = Release|Win32
		{17378372-2EFD-303A-AF73-6ADAAACB1B7B}.MinSizeRel|Win32.ActiveCfg = MinSizeRel|Win32
		{17378372-2EFD-303A-AF73-6ADAAACB1B7B}.MinSizeRel|Win32.Build.0 = MinSizeRel|Win32
		{17378372-2EFD-303A-AF73-6ADAAACB1B7B}.RelWithDebInfo|Win32.ActiveCfg = RelWithDebInfo|Win32
		{17378372-2EFD-303A-AF73-6ADAAACB1B7B}.RelWithDebInfo|Win32.Build.0 = RelWithDebInfo|Win32
		{DAD41147-9EF2-3EB9-AFCF-D17AC0F5B6C3}.Debug|Win32.ActiveCfg = Debug|Win32
		{DAD41147-9EF2-3EB9-AFCF-D17AC0F5B6C3}.Release|Win32.ActiveCfg = Release|Win32
		{DAD41147-9EF2-3EB9-AFCF-D17AC0F5B6C3}.MinSizeRel|Win32.ActiveCfg = MinSizeRel|Win32
		{DAD41147-9EF2-3EB9-AFCF-D17AC0F5B6C3}.RelWithDebInfo|Win32.ActiveCfg = RelWithDebInfo|Win32
		{A55CCC60-C00E-3084-8CC8-F600D7FC1DB7}.Debug|Win32.ActiveCfg = Debug|Win32
		{A55CCC60-C00E-3084-8CC8-F600D7FC1DB7}.Debug|Win32.Build.0 = Debug|Win32
		{A55CCC60-C00E-3084-8CC8-F600D7FC1DB7}.Release|Win32.ActiveCfg = Release|Win32
		{A55CCC60-C00E-3084-8CC8-F600D7FC1DB7}.Release|Win32.Build.0 = Release|Win32
		{A55CCC60-C00E-3084-8CC8-F600D7FC1DB7}.MinSizeRel|Win32.ActiveCfg = MinSizeRel|Win32
		{A55CCC60-C00E-3084-8CC8-F600D7FC1DB7}.MinSizeRel|Win32.Build.0 = MinSizeRel|Win32
		{A55CCC60-C00E-3084-8CC8-F600D7FC1DB7}.RelWithDebInfo|Win32.ActiveCfg = RelWithDebInfo|Win32
		{A55CCC60-C00E-3084-8CC8-F600D7FC1DB7}.RelWithDebInfo|Win32.Build.0 = RelWithDebInfo|Win32
		{AE8FD5B8-A8CF-3F3D-B349-463834453080}.Debug|Win32.ActiveCfg = Debug|Win32
		{AE8FD5B8-A8CF-3F3D-B349-463834453080}.Debug|Win32.Build.0 = Debug|Win32
		{AE8FD5B8-A8CF-3F3D-B349-463834453080}.Release|Win32.ActiveCfg = Release|Win32
		{AE8FD5B8-A8CF-3F3D-B349-463834453080}.Release|Win32.Build.0 = Release|Win32
		{AE8FD5B8-A8CF-3F3D-B349-463834453080}.MinSizeRel|Win32.ActiveCfg = MinSizeRel|Win32
		{AE8FD5B8-A8CF-3F3D-B349-463834453080}.MinSizeRel|Win32.Build.0 = MinSizeRel|Win32
		{AE8FD5B8-A8CF-3F3D-B349-463834453080}.RelWithDebInfo|Win32.ActiveCfg = RelWithDebInfo|Win32
		{AE8FD5B8-A8CF-3F3D-B349-463834453080}.RelWithDebInfo|Win32.Build.0 = RelWithDebInfo|Win32
		{CD358139-0114-346A-9F1C-8032B7BAB59D}.Debug|Win32.ActiveCfg = Debug|Win32
		{CD358139-0114-346A-9F1C-8032B7BAB59D}.Debug|Win32.Build.0 = Debug|Win32
		{CD358139-0114-346A-9F1C-8032B7BAB59D}.Release|Win32.ActiveCfg = Release|Win32
		{CD358139-0114-346A-9F1C-8032B7BAB59D}.Release|Win32.Build.0 = Release|Win32
		{CD358139-0114-346A-9F1C-8032B7BAB59D}.MinSizeRel|Win32.ActiveCfg = MinSizeRel|Win32
		{CD358139-0114-346A-9F1C-8032B7BAB59D}.MinSizeRel|Win32.Build.0 = MinSizeRel|Win32
		{CD358139-0114-346A-9F1C-8032B7BAB59D}.RelWithDebInfo|Win32.ActiveCfg = RelWithDebInfo|Win32
		{CD358139-0114-346A-9F1C-8032B7BAB59D}.RelWithDebInfo|Win32.Build.0 = RelWithDebInfo|Win32
		{DC4AD0AF-2680-3BEB-B5CA-F4FDE68B3F3E}.Debug|Win32.ActiveCfg = Debug|Win32
		{DC4AD0AF-2680-3BEB-B5CA-F4FDE68B3F3E}.Debug|Win32.Build.0 = Debug|Win32
		{DC4AD0AF-2680-3BEB-B5CA-F4FDE68B3F3E}.Release|Win32.ActiveCfg = Release|Win32
		{DC4AD0AF-2680-3BEB-B5CA-F4FDE68B3F3E}.Release|Win32.Build.0 = Release|Win32
		{DC4AD0AF-2680-3BEB-B5CA-F4FDE68B3F3E}.MinSizeRel|Win32.ActiveCfg = MinSizeRel|Win32
		{DC4AD0AF-2680-3BEB-B5CA-F4FDE68B3F3E}.MinSizeRel|Win32.Build.0 = MinSizeRel|Win32
		{DC4AD0AF-2680-3BEB-B5CA-F4FDE68B3F3E}.RelWithDebInfo|Win32.ActiveCfg = RelWithDebInfo|Win32
		{DC4AD0AF-2680-3BEB-B5CA-F4FDE68B3F3E}.RelWithDebInfo|Win32.Build.0 = RelWithDebInfo|Win32
		{081B4EC4-CDB8-309E-9667-F7FCA8BA8A98}.Debug|Win32.ActiveCfg = Debug|Win32
		{081B4EC4-CDB8-309E-9667-F7FCA8BA8A98}.Debug|Win32.Build.0 = Debug|Win32
		{081B4EC4-CDB8-309E-9667-F7FCA8BA8A98}.Release|Win32.ActiveCfg = Release|Win32
		{081B4EC4-CDB8-309E-9667-F7FCA8BA8A98}.Release|Win32.Build.0 = Release|Win32
		{081B4EC4-CDB8-309E-9667-F7FCA8BA8A98}.MinSizeRel|Win32.ActiveCfg = MinSizeRel|Win32
		{081B4EC4-CDB8-309E-9667-F7FCA8BA8A98}.MinSizeRel|Win32.Build.0 = MinSizeRel|Win32
		{081B4EC4-CDB8-309E-9667-F7FCA8BA8A98}.RelWithDebInfo|Win32.ActiveCfg = RelWithDebInfo|Win32
		{081B4EC4-CDB8-309E-9667-F7FCA8BA8A98}.RelWithDebInfo|Win32.Build.0 = RelWithDebInfo|Win32
		{ABF5D26C-3A37-312D-95A9-BE0BE0925555}.Debug|Win32.ActiveCfg = Debug|Win32
		{ABF5D26C-3A37-312D-95A9-BE0BE0925555}.Debug|Win32.Build.0 = Debug|Win32
		{ABF5D26C-3A37-312D-95A9-BE0BE0925555}.Release|Win32.ActiveCfg = Release|Win32
		{ABF5D26C-3A37-312D-95A9-BE0BE0925555}.Release|Win32.Build.0 = Release|Win32
		{ABF5D26C-3A37-312D-95A9-BE0BE0925555}.MinSizeRel|Win32.ActiveCfg = MinSizeRel|Win32
		{ABF5D26C-3A37-312D-95A9-BE0BE0925555}.MinSizeRel|Win32.Build.0 = MinSizeRel|Win32
		{ABF5D26C-3A37-312D-95A9-BE0BE0925555}.RelWithDebInfo|Win32.ActiveCfg = RelWithDebInfo|Win32
		{ABF5D26C-3A37-312D-95A9-BE0BE0925555}.RelWithDebInfo|Win32.Build.0 = RelWithDebInfo|Win32
		{0D0709FD-5989-3AF3-8D79-EC6AFBEE8262}.Debug|Win32.ActiveCfg = Debug|Win32
		{0D0709FD-5989-3AF3-8D79-EC6AFBEE8262}.Debug|Win32.Build.0 = Debug|Win32
		{0D0709FD-5989-3AF3-8D79-EC6AFBEE8262}.Release|Win32.ActiveCfg = Release|Win32
		{0D0709FD-5989-3AF3-8D79-EC6AFBEE8262}.Release|Win32.Build.0 = Release|Win32
		{0D0709FD-5989-3AF3-8D79-EC6AFBEE8262}.MinSizeRel|Win32.ActiveCfg = MinSizeRel|Win32
		{0D0709FD-5989-3AF3-8D79-EC6AFBEE8262}.MinSizeRel|Win32.Build.0 = MinSizeRel|Win32
		{0D0709FD-5989-3AF3-8D79-EC6AFBEE8262}.RelWithDebInfo|Win32.ActiveCfg = RelWithDebInfo|Win32
		{0D0709FD-5989-3AF3-8D79-EC6AFBEE8262}.RelWithDebInfo|Win32.Build.0 = RelWithDebInfo|Win32
		{E8C09650-0E44-3039-8C91-5F6F51D33FB3}.Debug|Win32.ActiveCfg = Debug|Win32
		{E8C09650-0E44-3039-8C91-5F6F51D33FB3}.Debug|Win32.Build.0 = Debug|Win32
		{E8C09650-0E44-3039-8C91-5F6F51D33FB3}.Release|Win32.ActiveCfg = Release|Win32
		{E8C09650-0E44-3039-8C91-5F6F51D33FB3}.Release|Win32.Build.0 = Release|Win32
		{E8C09650-0E44-3039-8C91-5F6F51D33FB3}.MinSizeRel|Win32.ActiveCfg = MinSizeRel|Win32
		{E8C09650-0E44-3039-8C91-5F6F51D33FB3}.MinSizeRel|Win32.Build.0 = MinSizeRel|Win32
		{E8C09650-0E44-3039-8C91-5F6F51D33FB3}.RelWithDebInfo|Win32.ActiveCfg = RelWithDebInfo|Win32
		{E8C09650-0E44-3039-8C91-5F6F51D33FB3}.RelWithDebInfo|Win32.Build.0 = RelWithDebInfo|Win32
		{07AAE3DF-0CDE-3360-BF0C-0231EEEF11FA}.Debug|Win32.ActiveCfg = Debug|Win32
		{07AAE3DF-0CDE-3360-BF0C-0231EEEF11FA}.Debug|Win32.Build.0 = Debug|Win32
		{07AAE3DF-0CDE-3360-BF0C-0231EEEF11FA}.Release|Win32.ActiveCfg = Release|Win32
		{07AAE3DF-0CDE-3360-BF0C-0231EEEF11FA}.Release|Win32.Build.0 = Release|Win32
		{07AAE3DF-0CDE-3360-BF0C-0231EEEF11FA}.MinSizeRel|Win32.ActiveCfg = MinSizeRel|Win32
		{07AAE3DF-0CDE-3360-BF0C-0231EEEF11FA}.MinSizeRel|Win32.Build.0 = MinSizeRel|Win32
		{07AAE3DF-0CDE-3360-BF0C-0231EEEF11FA}.RelWithDebInfo|Win32.ActiveCfg = RelWithDebInfo|Win32
		{07AAE3DF-0CDE-3360-BF0C-0231EEEF11FA}.RelWithDebInfo|Win32.Build.0 = RelWithDebInfo|Win32
		{E1EC9E3A-85BE-3A44-AA0A-6B86359D8D5B}.Debug|Win32.ActiveCfg = Debug|Win32
		{E1EC9E3A-85BE-3A44-AA0A-6B86359D8D5B}.Debug|Win32.Build.0 = Debug|Win32
		{E1EC9E3A-85BE-3A44-AA0A-6B86359D8D5B}.Release|Win32.ActiveCfg = Release|Win32
		{E1EC9E3A-85BE-3A44-AA0A-6B86359D8D5B}.Release|Win32.Build.0 = Release|Win32
		{E1EC9E3A-85BE-3A44-AA0A-6B86359D8D5B}.MinSizeRel|Win32.ActiveCfg = MinSizeRel|Win32
		{E1EC9E3A-85BE-3A44-AA0A-6B86359D8D5B}.MinSizeRel|Win32.Build.0 = MinSizeRel|Win32
		{E1EC9E3A-85BE-3A44-AA0A-6B86359D8D5B}.RelWithDebInfo|Win32.ActiveCfg = RelWithDebInfo|Win32
		{E1EC9E3A-85BE-3A44-AA0A-6B86359D8D5B}.RelWithDebInfo|Win32.Build.0 = RelWithDebInfo|Win32
		{7B360231-EA77-32A4-BC36-612336DD18BF}.Debug|Win32.ActiveCfg = Debug|Win32
		{7B360231-EA77-32A4-BC36-612336DD18BF}.Debug|Win32.Build.0 = Debug|Win32
		{7B360231-EA77-32A4-BC36-612336DD18BF}.Release|Win32.ActiveCfg = Release|Win32
		{7B360231-EA77-32A4-BC36-612336DD18BF}.Release|Win32.Build.0 = Release|Win32
		{7B360231-EA77-32A4-BC36-612336DD18BF}.MinSizeRel|Win32.ActiveCfg = MinSizeRel|Win32
		{7B360231-EA77-32A4-BC36-612336DD18BF}.MinSizeRel|Win32.Build.0 = MinSizeRel|Win32
		{7B360231-EA77-32A4-BC36-612336DD18BF}.RelWithDebInfo|Win32.ActiveCfg = RelWithDebInfo|Win32
		{7B360231-EA77-32A4-BC36-612336DD18BF}.RelWithDebInfo|Win32.Build.0 = RelWithDebInfo|Win32
		{2EA64715-63F9-367B-AB4A-8D9D58CAA29A}.Debug|Win32.ActiveCfg = Debug|Win32
		{2EA64715-63F9-367B-AB4A-8D9D58CAA29A}.Debug|Win32.Build.0 = Debug|Win32
		{2EA64715-63F9-367B-AB4A-8D9D58CAA29A}.Release|Win32.ActiveCfg = Release|Win32
		{2EA64715-63F9-367B-AB4A-8D9D58CAA29A}.Release|Win32.Build.0 = Release|Win32
		{2EA64715-63F9-367B-AB4A-8D9D58CAA29A}.MinSizeRel|Win32.ActiveCfg = MinSizeRel|Win32
		{2EA64715-63F9-367B-AB4A-8D9D58CAA29A}.MinSizeRel|Win32.Build.0 = MinSizeRel|Win32
		{2EA64715-63F9-367B-AB4A-8D9D58CAA29A}.RelWithDebInfo|Win32.ActiveCfg = RelWithDebInfo|Win32
		{2EA64715-63F9-367B-AB4A-8D9D58CAA29A}.RelWithDebInfo|Win32.Build.0 = RelWithDebInfo|Win32
		{547603C2-FB7A-3BBE-9D47-864D5F714BD3}.Debug|Win32.ActiveCfg = Debug|Win32
		{547603C2-FB7A-3BBE-9D47-864D5F714BD3}.Debug|Win32.Build.0 = Debug|Win32
		{547603C2-FB7A-3BBE-9D47-864D5F714BD3}.Release|Win32.ActiveCfg = Release|Win32
		{547603C2-FB7A-3BBE-9D47-864D5F714BD3}.Release|Win32.Build.0 = Release|Win32
		{547603C2-FB7A-3BBE-9D47-864D5F714BD3}.MinSizeRel|Win32.ActiveCfg = MinSizeRel|Win32
		{547603C2-FB7A-3BBE-9D47-864D5F714BD3}.MinSizeRel|Win32.Build.0 = MinSizeRel|Win32
		{547603C2-FB7A-3BBE-9D47-864D5F714BD3}.RelWithDebInfo|Win32.ActiveCfg = RelWithDebInfo|Win32
		{547603C2-FB7A-3BBE-9D47-864D5F714BD3}.RelWithDebInfo|Win32.Build.0 = RelWithDebInfo|Win32
		{ED6BFDFB-F892-3D42-B1DB-8DF36289697D}.Debug|Win32.ActiveCfg = Debug|Win32
		{ED6BFDFB-F892-3D42-B1DB-8DF36289697D}.Debug|Win32.Build.0 = Debug|Win32
		{ED6BFDFB-F892-3D42-B1DB-8DF36289697D}.Release|Win32.ActiveCfg = Release|Win32
		{ED6BFDFB-F892-3D42-B1DB-8DF36289697D}.Release|Win32.Build.0 = Release|Win32
		{ED6BFDFB-F892-3D42-B1DB-8DF36289697D}.MinSizeRel|Win32.ActiveCfg = MinSizeRel|Win32
		{ED6BFDFB-F892-3D42-B1DB-8DF36289697D}.MinSizeRel|Win32.Build.0 = MinSizeRel|Win32
		{ED6BFDFB-F892-3D42-B1DB-8DF36289697D}.RelWithDebInfo|Win32.ActiveCfg = RelWithDebInfo|Win32
		{ED6BFDFB-F892-3D42-B1DB-8DF36289697D}.RelWithDebInfo|Win32.Build.0 = RelWithDebInfo|Win32
		{C69C438D-1EFE-3A85-A8A7-5C5A977F37E4}.Debug|Win32.ActiveCfg = Debug|Win32
		{C69C438D-1EFE-3A85-A8A7-5C5A977F37E4}.Debug|Win32.Build.0 = Debug|Win32
		{C69C438D-1EFE-3A85-A8A7-5C5A977F37E4}.Release|Win32.ActiveCfg = Release|Win32
		{C69C438D-1EFE-3A85-A8A7-5C5A977F37E4}.Release|Win32.Build.0 = Release|Win32
		{C69C438D-1EFE-3A85-A8A7-5C5A977F37E4}.MinSizeRel|Win32.ActiveCfg = MinSizeRel|Win32
		{C69C438D-1EFE-3A85-A8A7-5C5A977F37E4}.MinSizeRel|Win32.Build.0 = MinSizeRel|Win32
		{C69C438D-1EFE-3A85-A8A7-5C5A977F37E4}.RelWithDebInfo|Win32.ActiveCfg = RelWithDebInfo|Win32
		{C69C438D-1EFE-3A85-A8A7-5C5A977F37E4}.RelWithDebInfo|Win32.Build.0 = RelWithDebInfo|Win32
		{C05958F4-2719-305E-B3E4-11386B51BAFC}.Debug|Win32.ActiveCfg = Debug|Win32
		{C05958F4-2719-305E-B3E4-11386B51BAFC}.Debug|Win32.Build.0 = Debug|Win32
		{C05958F4-2719-305E-B3E4-11386B51BAFC}.Release|Win32.ActiveCfg = Release|Win32
		{C05958F4-2719-305E-B3E4-11386B51BAFC}.Release|Win32.Build.0 = Release|Win32
		{C05958F4-2719-305E-B3E4-11386B51BAFC}.MinSizeRel|Win32.ActiveCfg = MinSizeRel|Win32
		{C05958F4-2719-305E-B3E4-11386B51BAFC}.MinSizeRel|Win32.Build.0 = MinSizeRel|Win32
		{C05958F4-2719-305E-B3E4-11386B51BAFC}.RelWithDebInfo|Win32.ActiveCfg = RelWithDebInfo|Win32
		{C05958F4-2719-305E-B3E4-11386B51BAFC}.RelWithDebInfo|Win32.Build.0 = RelWithDebInfo|Win32
		{987BDC96-6BF3-3DB3-AC9A-E74F3142B8CF}.Debug|Win32.ActiveCfg = Debug|Win32
		{987BDC96-6BF3-3DB3-AC9A-E74F3142B8CF}.Debug|Win32.Build.0 = Debug|Win32
		{987BDC96-6BF3-3DB3-AC9A-E74F3142B8CF}.Release|Win32.ActiveCfg = Release|Win32
		{987BDC96-6BF3-3DB3-AC9A-E74F3142B8CF}.Release|Win32.Build.0 = Release|Win32
		{987BDC96-6BF3-3DB3-AC9A-E74F3142B8CF}.MinSizeRel|Win32.ActiveCfg = MinSizeRel|Win32
		{987BDC96-6BF3-3DB3-AC9A-E74F3142B8CF}.MinSizeRel|Win32.Build.0 = MinSizeRel|Win32
		{987BDC96-6BF3-3DB3-AC9A-E74F3142B8CF}.RelWithDebInfo|Win32.ActiveCfg = RelWithDebInfo|Win32
		{987BDC96-6BF3-3DB3-AC9A-E74F3142B8CF}.RelWithDebInfo|Win32.Build.0 = RelWithDebInfo|Win32
		{61833AC4-C137-38C8-8785-CF802157C96F}.Debug|Win32.ActiveCfg = Debug|Win32
		{61833AC4-C137-38C8-8785-CF802157C96F}.Debug|Win32.Build.0 = Debug|Win32
		{61833AC4-C137-38C8-8785-CF802157C96F}.Release|Win32.ActiveCfg = Release|Win32
		{61833AC4-C137-38C8-8785-CF802157C96F}.Release|Win32.Build.0 = Release|Win32
		{61833AC4-C137-38C8-8785-CF802157C96F}.MinSizeRel|Win32.ActiveCfg = MinSizeRel|Win32
		{61833AC4-C137-38C8-8785-CF802157C96F}.MinSizeRel|Win32.Build.0 = MinSizeRel|Win32
		{61833AC4-C137-38C8-8785-CF802157C96F}.RelWithDebInfo|Win32.ActiveCfg = RelWithDebInfo|Win32
		{61833AC4-C137-38C8-8785-CF802157C96F}.RelWithDebInfo|Win32.Build.0 = RelWithDebInfo|Win32
		{4CCDB5A7-83DE-3C82-B4DA-DF1CABAE133B}.Debug|Win32.ActiveCfg = Debug|Win32
		{4CCDB5A7-83DE-3C82-B4DA-DF1CABAE133B}.Debug|Win32.Build.0 = Debug|Win32
		{4CCDB5A7-83DE-3C82-B4DA-DF1CABAE133B}.Release|Win32.ActiveCfg = Release|Win32
		{4CCDB5A7-83DE-3C82-B4DA-DF1CABAE133B}.Release|Win32.Build.0 = Release|Win32
		{4CCDB5A7-83DE-3C82-B4DA-DF1CABAE133B}.MinSizeRel|Win32.ActiveCfg = MinSizeRel|Win32
		{4CCDB5A7-83DE-3C82-B4DA-DF1CABAE133B}.MinSizeRel|Win32.Build.0 = MinSizeRel|Win32
		{4CCDB5A7-83DE-3C82-B4DA-DF1CABAE133B}.RelWithDebInfo|Win32.ActiveCfg = RelWithDebInfo|Win32
		{4CCDB5A7-83DE-3C82-B4DA-DF1CABAE133B}.RelWithDebInfo|Win32.Build.0 = RelWithDebInfo|Win32
		{FF585021-7D9A-36AA-BAE7-17FB216F03AA}.Debug|Win32.ActiveCfg = Debug|Win32
		{FF585021-7D9A-36AA-BAE7-17FB216F03AA}.Debug|Win32.Build.0 = Debug|Win32
		{FF585021-7D9A-36AA-BAE7-17FB216F03AA}.Release|Win32.ActiveCfg = Release|Win32
		{FF585021-7D9A-36AA-BAE7-17FB216F03AA}.Release|Win32.Build.0 = Release|Win32
		{FF585021-7D9A-36AA-BAE7-17FB216F03AA}.MinSizeRel|Win32.ActiveCfg = MinSizeRel|Win32
		{FF585021-7D9A-36AA-BAE7-17FB216F03AA}.MinSizeRel|Win32.Build.0 = MinSizeRel|Win32
		{FF585021-7D9A-36AA-BAE7-17FB216F03AA}.RelWithDebInfo|Win32.ActiveCfg = RelWithDebInfo|Win32
		{FF585021-7D9A-36AA-BAE7-17FB216F03AA}.RelWithDebInfo|Win32.Build.0 = RelWithDebInfo|Win32
		{AB360E8A-F058-3145-992C-67E2D35175EC}.Debug|Win32.ActiveCfg = Debug|Win32
		{AB360E8A-F058-3145-992C-67E2D35175EC}.Debug|Win32.Build.0 = Debug|Win32
		{AB360E8A-F058-3145-992C-67E2D35175EC}.Release|Win32.ActiveCfg = Release|Win32
		{AB360E8A-F058-3145-992C-67E2D35175EC}.Release|Win32.Build.0 = Release|Win32
		{AB360E8A-F058-3145-992C-67E2D35175EC}.MinSizeRel|Win32.ActiveCfg = MinSizeRel|Win32
		{AB360E8A-F058-3145-992C-67E2D35175EC}.MinSizeRel|Win32.Build.0 = MinSizeRel|Win32
		{AB360E8A-F058-3145-992C-67E2D35175EC}.RelWithDebInfo|Win32.ActiveCfg = RelWithDebInfo|Win32
		{AB360E8A-F058-3145-992C-67E2D35175EC}.RelWithDebInfo|Win32.Build.0 = RelWithDebInfo|Win32
		{DFBAE961-444E-3385-A314-70DC8D137B32}.Debug|Win32.ActiveCfg = Debug|Win32
		{DFBAE961-444E-3385-A314-70DC8D137B32}.Debug|Win32.Build.0 = Debug|Win32
		{DFBAE961-444E-3385-A314-70DC8D137B32}.Release|Win32.ActiveCfg = Release|Win32
		{DFBAE961-444E-3385-A314-70DC8D137B32}.Release|Win32.Build.0 = Release|Win32
		{DFBAE961-444E-3385-A314-70DC8D137B32}.MinSizeRel|Win32.ActiveCfg = MinSizeRel|Win32
		{DFBAE961-444E-3385-A314-70DC8D137B32}.MinSizeRel|Win32.Build.0 = MinSizeRel|Win32
		{DFBAE961-444E-3385-A314-70DC8D137B32}.RelWithDebInfo|Win32.ActiveCfg = RelWithDebInfo|Win32
		{DFBAE961-444E-3385-A314-70DC8D137B32}.RelWithDebInfo|Win32.Build.0 = RelWithDebInfo|Win32
		{F33EA730-2DC6-33C2-859F-BD0523C43095}.Debug|Win32.ActiveCfg = Debug|Win32
		{F33EA730-2DC6-33C2-859F-BD0523C43095}.Debug|Win32.Build.0 = Debug|Win32
		{F33EA730-2DC6-33C2-859F-BD0523C43095}.Release|Win32.ActiveCfg = Release|Win32
		{F33EA730-2DC6-33C2-859F-BD0523C43095}.Release|Win32.Build.0 = Release|Win32
		{F33EA730-2DC6-33C2-859F-BD0523C43095}.MinSizeRel|Win32.ActiveCfg = MinSizeRel|Win32
		{F33EA730-2DC6-33C2-859F-BD0523C43095}.MinSizeRel|Win32.Build.0 = MinSizeRel|Win32
		{F33EA730-2DC6-33C2-859F-BD0523C43095}.RelWithDebInfo|Win32.ActiveCfg = RelWithDebInfo|Win32
		{F33EA730-2DC6-33C2-859F-BD0523C43095}.RelWithDebInfo|Win32.Build.0 = RelWithDebInfo|Win32
		{F446D25E-E149-3391-907C-A6344EA24043}.Debug|Win32.ActiveCfg = Debug|Win32
		{F446D25E-E149-3391-907C-A6344EA24043}.Debug|Win32.Build.0 = Debug|Win32
		{F446D25E-E149-3391-907C-A6344EA24043}.Release|Win32.ActiveCfg = Release|Win32
		{F446D25E-E149-3391-907C-A6344EA24043}.Release|Win32.Build.0 = Release|Win32
		{F446D25E-E149-3391-907C-A6344EA24043}.MinSizeRel|Win32.ActiveCfg = MinSizeRel|Win32
		{F446D25E-E149-3391-907C-A6344EA24043}.MinSizeRel|Win32.Build.0 = MinSizeRel|Win32
		{F446D25E-E149-3391-907C-A6344EA24043}.RelWithDebInfo|Win32.ActiveCfg = RelWithDebInfo|Win32
		{F446D25E-E149-3391-907C-A6344EA24043}.RelWithDebInfo|Win32.Build.0 = RelWithDebInfo|Win32
		{A7660961-8147-3F62-B2FA-07132B35714A}.Debug|Win32.ActiveCfg = Debug|Win32
		{A7660961-8147-3F62-B2FA-07132B35714A}.Debug|Win32.Build.0 = Debug|Win32
		{A7660961-8147-3F62-B2FA-07132B35714A}.Release|Win32.ActiveCfg = Release|Win32
		{A7660961-8147-3F62-B2FA-07132B35714A}.Release|Win32.Build.0 = Release|Win32
		{A7660961-8147-3F62-B2FA-07132B35714A}.MinSizeRel|Win32.ActiveCfg = MinSizeRel|Win32
		{A7660961-8147-3F62-B2FA-07132B35714A}.MinSizeRel|Win32.Build.0 = MinSizeRel|Win32
		{A7660961-8147-3F62-B2FA-07132B35714A}.RelWithDebInfo|Win32.ActiveCfg = RelWithDebInfo|Win32
		{A7660961-8147-3F62-B2FA-07132B35714A}.RelWithDebInfo|Win32.Build.0 = RelWithDebInfo|Win32
		{EAF74005-A6D2-30F5-A93A-3F18019DD513}.Debug|Win32.ActiveCfg = Debug|Win32
		{EAF74005-A6D2-30F5-A93A-3F18019DD513}.Release|Win32.ActiveCfg = Release|Win32
		{EAF74005-A6D2-30F5-A93A-3F18019DD513}.MinSizeRel|Win32.ActiveCfg = MinSizeRel|Win32
		{EAF74005-A6D2-30F5-A93A-3F18019DD513}.RelWithDebInfo|Win32.ActiveCfg = RelWithDebInfo|Win32
		{9BFC3986-9B4D-35B2-8C7B-750304021204}.Debug|Win32.ActiveCfg = Debug|Win32
		{9BFC3986-9B4D-35B2-8C7B-750304021204}.Debug|Win32.Build.0 = Debug|Win32
		{9BFC3986-9B4D-35B2-8C7B-750304021204}.Release|Win32.ActiveCfg = Release|Win32
		{9BFC3986-9B4D-35B2-8C7B-750304021204}.Release|Win32.Build.0 = Release|Win32
		{9BFC3986-9B4D-35B2-8C7B-750304021204}.MinSizeRel|Win32.ActiveCfg = MinSizeRel|Win32
		{9BFC3986-9B4D-35B2-8C7B-750304021204}.MinSizeRel|Win32.Build.0 = MinSizeRel|Win32
		{9BFC3986-9B4D-35B2-8C7B-750304021204}.RelWithDebInfo|Win32.ActiveCfg = RelWithDebInfo|Win32
		{9BFC3986-9B4D-35B2-8C7B-750304021204}.RelWithDebInfo|Win32.Build.0 = RelWithDebInfo|Win32
		{0DDF5499-846A-3B24-BE23-201C8DB844AF}.Debug|Win32.ActiveCfg = Debug|Win32
		{0DDF5499-846A-3B24-BE23-201C8DB844AF}.Debug|Win32.Build.0 = Debug|Win32
		{0DDF5499-846A-3B24-BE23-201C8DB844AF}.Release|Win32.ActiveCfg = Release|Win32
		{0DDF5499-846A-3B24-BE23-201C8DB844AF}.Release|Win32.Build.0 = Release|Win32
		{0DDF5499-846A-3B24-BE23-201C8DB844AF}.MinSizeRel|Win32.ActiveCfg = MinSizeRel|Win32
		{0DDF5499-846A-3B24-BE23-201C8DB844AF}.MinSizeRel|Win32.Build.0 = MinSizeRel|Win32
		{0DDF5499-846A-3B24-BE23-201C8DB844AF}.RelWithDebInfo|Win32.ActiveCfg = RelWithDebInfo|Win32
		{0DDF5499-846A-3B24-BE23-201C8DB844AF}.RelWithDebInfo|Win32.Build.0 = RelWithDebInfo|Win32
	EndGlobalSection
	GlobalSection(NestedProjects) = preSolution
		{17378372-2EFD-303A-AF73-6ADAAACB1B7B} = {74C201B9-9FB9-3BAB-BDF1-DA9F99AB2741}
		{DAD41147-9EF2-3EB9-AFCF-D17AC0F5B6C3} = {74C201B9-9FB9-3BAB-BDF1-DA9F99AB2741}
		{A55CCC60-C00E-3084-8CC8-F600D7FC1DB7} = {74C201B9-9FB9-3BAB-BDF1-DA9F99AB2741}
		{5E4B4DBF-5430-3167-A458-32816401B180} = {C7C3EC82-07DF-3FC4-A736-ABC06155CA5A}
		{25790125-547A-3768-ABF4-D377FC00EFC8} = {C7C3EC82-07DF-3FC4-A736-ABC06155CA5A}
		{07AAE3DF-0CDE-3360-BF0C-0231EEEF11FA} = {C7C3EC82-07DF-3FC4-A736-ABC06155CA5A}
		{AE8FD5B8-A8CF-3F3D-B349-463834453080} = {5E4B4DBF-5430-3167-A458-32816401B180}
		{E8C09650-0E44-3039-8C91-5F6F51D33FB3} = {5E4B4DBF-5430-3167-A458-32816401B180}
		{7B360231-EA77-32A4-BC36-612336DD18BF} = {5E4B4DBF-5430-3167-A458-32816401B180}
		{987BDC96-6BF3-3DB3-AC9A-E74F3142B8CF} = {5E4B4DBF-5430-3167-A458-32816401B180}
		{FF585021-7D9A-36AA-BAE7-17FB216F03AA} = {5E4B4DBF-5430-3167-A458-32816401B180}
		{AB360E8A-F058-3145-992C-67E2D35175EC} = {5E4B4DBF-5430-3167-A458-32816401B180}
		{9BFC3986-9B4D-35B2-8C7B-750304021204} = {5E4B4DBF-5430-3167-A458-32816401B180}
		{CD358139-0114-346A-9F1C-8032B7BAB59D} = {25790125-547A-3768-ABF4-D377FC00EFC8}
		{DC4AD0AF-2680-3BEB-B5CA-F4FDE68B3F3E} = {25790125-547A-3768-ABF4-D377FC00EFC8}
		{081B4EC4-CDB8-309E-9667-F7FCA8BA8A98} = {25790125-547A-3768-ABF4-D377FC00EFC8}
		{ABF5D26C-3A37-312D-95A9-BE0BE0925555} = {25790125-547A-3768-ABF4-D377FC00EFC8}
		{0D0709FD-5989-3AF3-8D79-EC6AFBEE8262} = {25790125-547A-3768-ABF4-D377FC00EFC8}
		{E1EC9E3A-85BE-3A44-AA0A-6B86359D8D5B} = {25790125-547A-3768-ABF4-D377FC00EFC8}
		{2EA64715-63F9-367B-AB4A-8D9D58CAA29A} = {25790125-547A-3768-ABF4-D377FC00EFC8}
		{547603C2-FB7A-3BBE-9D47-864D5F714BD3} = {25790125-547A-3768-ABF4-D377FC00EFC8}
		{ED6BFDFB-F892-3D42-B1DB-8DF36289697D} = {25790125-547A-3768-ABF4-D377FC00EFC8}
		{C69C438D-1EFE-3A85-A8A7-5C5A977F37E4} = {25790125-547A-3768-ABF4-D377FC00EFC8}
		{C05958F4-2719-305E-B3E4-11386B51BAFC} = {25790125-547A-3768-ABF4-D377FC00EFC8}
		{61833AC4-C137-38C8-8785-CF802157C96F} = {25790125-547A-3768-ABF4-D377FC00EFC8}
		{4CCDB5A7-83DE-3C82-B4DA-DF1CABAE133B} = {25790125-547A-3768-ABF4-D377FC00EFC8}
		{DFBAE961-444E-3385-A314-70DC8D137B32} = {25790125-547A-3768-ABF4-D377FC00EFC8}
		{F33EA730-2DC6-33C2-859F-BD0523C43095} = {25790125-547A-3768-ABF4-D377FC00EFC8}
		{F446D25E-E149-3391-907C-A6344EA24043} = {25790125-547A-3768-ABF4-D377FC00EFC8}
		{A7660961-8147-3F62-B2FA-07132B35714A} = {25790125-547A-3768-ABF4-D377FC00EFC8}
		{0DDF5499-846A-3B24-BE23-201C8DB844AF} = {25790125-547A-3768-ABF4-D377FC00EFC8}
	EndGlobalSection
	GlobalSection(ExtensibilityGlobals) = postSolution
		SolutionGuid = {99DDFE57-0AFD-3221-99BB-5971278ABEBF}
	EndGlobalSection
	GlobalSection(ExtensibilityAddIns) = postSolution
	EndGlobalSection
EndGlobal
