<?xml version="1.0" encoding="UTF-8"?>
<Project ToolsVersion="15.0" xmlns="http://schemas.microsoft.com/developer/msbuild/2003">
  <ItemGroup>
    <CustomBuild Include="C:\Users\Adam\Documents\Visual Studio 2017\Projects\glfw-3.2.1\CMakeLists.txt" />
    <CustomBuild Include="C:\Users\Adam\Documents\Visual Studio 2017\Projects\glfw-3.2.1\CMakeFiles\9a0259a832690a032921f721171fbd8d\uninstall.rule">
      <Filter>CMake Rules</Filter>
    </CustomBuild>
  </ItemGroup>
  <ItemGroup>
    <None Include="C:\Users\Adam\Documents\Visual Studio 2017\Projects\glfw-3.2.1\CMakeFiles\uninstall" />
  </ItemGroup>
  <ItemGroup>
    <Filter Include="CMake Rules">
      <UniqueIdentifier>{FA1CB089-3AC9-3465-B72D-B412913E148B}</UniqueIdentifier>
    </Filter>
  </ItemGroup>
</Project>
